
Microsoft Visual Studio Solution File, Format Version 12.00
# Visual Studio 15
VisualStudioVersion = 15.0.27428.2002
MinimumVisualStudioVersion = 10.0.40219.1
Project("{FAE04EC0-301F-11D3-BF4B-00C04F79EFBC}") = "Условные_1", "Условные_1\Условные_1.csproj", "{86CC5A66-D566-4FB3-AFFE-71B085EBC303}"
EndProject
Global
	GlobalSection(SolutionConfigurationPlatforms) = preSolution
		Debug|Any CPU = Debug|Any CPU
		Release|Any CPU = Release|Any CPU
	EndGlobalSection
	GlobalSection(ProjectConfigurationPlatforms) = postSolution
		{86CC5A66-D566-4FB3-AFFE-71B085EBC303}.Debug|Any CPU.ActiveCfg = Debug|Any CPU
		{86CC5A66-D566-4FB3-AFFE-71B085EBC303}.Debug|Any CPU.Build.0 = Debug|Any CPU
		{86CC5A66-D566-4FB3-AFFE-71B085EBC303}.Release|Any CPU.ActiveCfg = Release|Any CPU
		{86CC5A66-D566-4FB3-AFFE-71B085EBC303}.Release|Any CPU.Build.0 = Release|Any CPU
	EndGlobalSection
	GlobalSection(SolutionProperties) = preSolution
		HideSolutionNode = FALSE
	EndGlobalSection
	GlobalSection(ExtensibilityGlobals) = postSolution
		SolutionGuid = {037B6796-56DE-47B8-80E7-09C3C9A3F50B}
	EndGlobalSection
EndGlobal
