
Microsoft Visual Studio Solution File, Format Version 12.00
# Visual Studio 15
VisualStudioVersion = 15.0.27428.2037
MinimumVisualStudioVersion = 10.0.40219.1
Project("{FAE04EC0-301F-11D3-BF4B-00C04F79EFBC}") = "6_6", "6_6\6_6.csproj", "{A44F81AD-3D66-41FA-AE55-B8C8D19875BA}"
EndProject
Global
	GlobalSection(SolutionConfigurationPlatforms) = preSolution
		Debug|Any CPU = Debug|Any CPU
		Release|Any CPU = Release|Any CPU
	EndGlobalSection
	GlobalSection(ProjectConfigurationPlatforms) = postSolution
		{A44F81AD-3D66-41FA-AE55-B8C8D19875BA}.Debug|Any CPU.ActiveCfg = Debug|Any CPU
		{A44F81AD-3D66-41FA-AE55-B8C8D19875BA}.Debug|Any CPU.Build.0 = Debug|Any CPU
		{A44F81AD-3D66-41FA-AE55-B8C8D19875BA}.Release|Any CPU.ActiveCfg = Release|Any CPU
		{A44F81AD-3D66-41FA-AE55-B8C8D19875BA}.Release|Any CPU.Build.0 = Release|Any CPU
	EndGlobalSection
	GlobalSection(SolutionProperties) = preSolution
		HideSolutionNode = FALSE
	EndGlobalSection
	GlobalSection(ExtensibilityGlobals) = postSolution
		SolutionGuid = {B6D02FD1-6DB5-450C-AE83-501129A5A261}
	EndGlobalSection
EndGlobal
