
Microsoft Visual Studio Solution File, Format Version 12.00
# Visual Studio 15
VisualStudioVersion = 15.0.27428.2015
MinimumVisualStudioVersion = 10.0.40219.1
Project("{FAE04EC0-301F-11D3-BF4B-00C04F79EFBC}") = "8_2", "8_2\8_2.csproj", "{A1B63054-A252-448B-B456-A67C8889F40E}"
EndProject
Global
	GlobalSection(SolutionConfigurationPlatforms) = preSolution
		Debug|Any CPU = Debug|Any CPU
		Release|Any CPU = Release|Any CPU
	EndGlobalSection
	GlobalSection(ProjectConfigurationPlatforms) = postSolution
		{A1B63054-A252-448B-B456-A67C8889F40E}.Debug|Any CPU.ActiveCfg = Debug|Any CPU
		{A1B63054-A252-448B-B456-A67C8889F40E}.Debug|Any CPU.Build.0 = Debug|Any CPU
		{A1B63054-A252-448B-B456-A67C8889F40E}.Release|Any CPU.ActiveCfg = Release|Any CPU
		{A1B63054-A252-448B-B456-A67C8889F40E}.Release|Any CPU.Build.0 = Release|Any CPU
	EndGlobalSection
	GlobalSection(SolutionProperties) = preSolution
		HideSolutionNode = FALSE
	EndGlobalSection
	GlobalSection(ExtensibilityGlobals) = postSolution
		SolutionGuid = {49185AC0-FC21-4D02-9A00-86CCB3C80B2D}
	EndGlobalSection
EndGlobal
