
Microsoft Visual Studio Solution File, Format Version 12.00
# Visual Studio 15
VisualStudioVersion = 15.0.27428.2015
MinimumVisualStudioVersion = 10.0.40219.1
Project("{FAE04EC0-301F-11D3-BF4B-00C04F79EFBC}") = "8_4", "8_4\8_4.csproj", "{38179D1F-227D-4C98-9650-3430041B46F1}"
EndProject
Global
	GlobalSection(SolutionConfigurationPlatforms) = preSolution
		Debug|Any CPU = Debug|Any CPU
		Release|Any CPU = Release|Any CPU
	EndGlobalSection
	GlobalSection(ProjectConfigurationPlatforms) = postSolution
		{38179D1F-227D-4C98-9650-3430041B46F1}.Debug|Any CPU.ActiveCfg = Debug|Any CPU
		{38179D1F-227D-4C98-9650-3430041B46F1}.Debug|Any CPU.Build.0 = Debug|Any CPU
		{38179D1F-227D-4C98-9650-3430041B46F1}.Release|Any CPU.ActiveCfg = Release|Any CPU
		{38179D1F-227D-4C98-9650-3430041B46F1}.Release|Any CPU.Build.0 = Release|Any CPU
	EndGlobalSection
	GlobalSection(SolutionProperties) = preSolution
		HideSolutionNode = FALSE
	EndGlobalSection
	GlobalSection(ExtensibilityGlobals) = postSolution
		SolutionGuid = {B66BA2E8-7833-4D52-9FAC-049E4B903227}
	EndGlobalSection
EndGlobal
