
Microsoft Visual Studio Solution File, Format Version 12.00
# Visual Studio 15
VisualStudioVersion = 15.0.27428.2002
MinimumVisualStudioVersion = 10.0.40219.1
Project("{FAE04EC0-301F-11D3-BF4B-00C04F79EFBC}") = "(3) Task", "(3) Task\(3) Task.csproj", "{C64A935F-C65B-4ADF-BE69-59DF7A0F4896}"
EndProject
Global
	GlobalSection(SolutionConfigurationPlatforms) = preSolution
		Debug|Any CPU = Debug|Any CPU
		Release|Any CPU = Release|Any CPU
	EndGlobalSection
	GlobalSection(ProjectConfigurationPlatforms) = postSolution
		{C64A935F-C65B-4ADF-BE69-59DF7A0F4896}.Debug|Any CPU.ActiveCfg = Debug|Any CPU
		{C64A935F-C65B-4ADF-BE69-59DF7A0F4896}.Debug|Any CPU.Build.0 = Debug|Any CPU
		{C64A935F-C65B-4ADF-BE69-59DF7A0F4896}.Release|Any CPU.ActiveCfg = Release|Any CPU
		{C64A935F-C65B-4ADF-BE69-59DF7A0F4896}.Release|Any CPU.Build.0 = Release|Any CPU
	EndGlobalSection
	GlobalSection(SolutionProperties) = preSolution
		HideSolutionNode = FALSE
	EndGlobalSection
	GlobalSection(ExtensibilityGlobals) = postSolution
		SolutionGuid = {F90EE4F9-B95E-4933-942D-917C9858A7DB}
	EndGlobalSection
EndGlobal
