
Microsoft Visual Studio Solution File, Format Version 12.00
# Visual Studio 15
VisualStudioVersion = 15.0.26730.16
MinimumVisualStudioVersion = 10.0.40219.1
Project("{FAE04EC0-301F-11D3-BF4B-00C04F79EFBC}") = "10_1", "10_1\10_1.csproj", "{8E732400-692B-4B40-BB01-88D38C510973}"
EndProject
Global
	GlobalSection(SolutionConfigurationPlatforms) = preSolution
		Debug|Any CPU = Debug|Any CPU
		Release|Any CPU = Release|Any CPU
	EndGlobalSection
	GlobalSection(ProjectConfigurationPlatforms) = postSolution
		{8E732400-692B-4B40-BB01-88D38C510973}.Debug|Any CPU.ActiveCfg = Debug|Any CPU
		{8E732400-692B-4B40-BB01-88D38C510973}.Debug|Any CPU.Build.0 = Debug|Any CPU
		{8E732400-692B-4B40-BB01-88D38C510973}.Release|Any CPU.ActiveCfg = Release|Any CPU
		{8E732400-692B-4B40-BB01-88D38C510973}.Release|Any CPU.Build.0 = Release|Any CPU
	EndGlobalSection
	GlobalSection(SolutionProperties) = preSolution
		HideSolutionNode = FALSE
	EndGlobalSection
	GlobalSection(ExtensibilityGlobals) = postSolution
		SolutionGuid = {8A4B162E-8F11-4421-9654-0EAF1538EAAD}
	EndGlobalSection
EndGlobal
